
Microsoft Visual Studio Solution File, Format Version 12.00
# Visual Studio Version 17
VisualStudioVersion = 17.9.34902.65
MinimumVisualStudioVersion = 10.0.40219.1
Project("{D2ABAB84-BF74-430A-B69E-9DC6D40DDA17}") = "Desafio2", "Desafio2\Desafio2.dwproj", "{77EEF84A-2005-4C40-B8E3-013F8D0AA3F4}"
EndProject
Global
	GlobalSection(SolutionConfigurationPlatforms) = preSolution
		Development|Default = Development|Default
	EndGlobalSection
	GlobalSection(ProjectConfigurationPlatforms) = postSolution
		{77EEF84A-2005-4C40-B8E3-013F8D0AA3F4}.Development|Default.ActiveCfg = Development
		{77EEF84A-2005-4C40-B8E3-013F8D0AA3F4}.Development|Default.Build.0 = Development
		{77EEF84A-2005-4C40-B8E3-013F8D0AA3F4}.Development|Default.Deploy.0 = Development
	EndGlobalSection
	GlobalSection(SolutionProperties) = preSolution
		HideSolutionNode = FALSE
	EndGlobalSection
	GlobalSection(ExtensibilityGlobals) = postSolution
		SolutionGuid = {0DB31DCE-A4DE-409C-838F-E419FE16A000}
	EndGlobalSection
EndGlobal
